PODS:
  - THFlexiblePageController (1.0.5)

DEPENDENCIES:
  - THFlexiblePageController (from `../../../`)

EXTERNAL SOURCES:
  THFlexiblePageController:
    :path: "../../../"

SPEC CHECKSUMS:
  THFlexiblePageController: 1e4a85f966c870034ad55cd454afe9f4d0284f94

PODFILE CHECKSUM: 0de419c89f1d2f94d3dea6d0d14a5921dfef3396

COCOAPODS: 1.5.0
